
Microsoft Visual Studio Solution File, Format Version 11.00
# Visual Studio 2010
Project("{FAE04EC0-301F-11D3-BF4B-00C04F79EFBC}") = "EVCS-Projekt", "EVCS-Projekt\EVCS-Projekt\EVCS-Projekt.csproj", "{95136B82-37AA-4964-AEAC-AC3CCFB958A2}"
EndProject
Project("{FAE04EC0-301F-11D3-BF4B-00C04F79EFBC}") = "EVCS-ProjektContent", "EVCS-Projekt\EVCS-ProjektContent\EVCS-ProjektContent.contentproj", "{BE098348-C34C-4AB1-8A1C-C209C3FD808C}"
EndProject
Global
	GlobalSection(SolutionConfigurationPlatforms) = preSolution
		Debug|x86 = Debug|x86
		Release|x86 = Release|x86
	EndGlobalSection
	GlobalSection(ProjectConfigurationPlatforms) = postSolution
		{95136B82-37AA-4964-AEAC-AC3CCFB958A2}.Debug|x86.ActiveCfg = Debug|x86
		{95136B82-37AA-4964-AEAC-AC3CCFB958A2}.Debug|x86.Build.0 = Debug|x86
		{95136B82-37AA-4964-AEAC-AC3CCFB958A2}.Release|x86.ActiveCfg = Release|x86
		{95136B82-37AA-4964-AEAC-AC3CCFB958A2}.Release|x86.Build.0 = Release|x86
		{BE098348-C34C-4AB1-8A1C-C209C3FD808C}.Debug|x86.ActiveCfg = Debug|x86
		{BE098348-C34C-4AB1-8A1C-C209C3FD808C}.Release|x86.ActiveCfg = Release|x86
	EndGlobalSection
	GlobalSection(SolutionProperties) = preSolution
		HideSolutionNode = FALSE
	EndGlobalSection
EndGlobal
