
Microsoft Visual Studio Solution File, Format Version 11.00
# Visual Studio 2010
Project("{FAE04EC0-301F-11D3-BF4B-00C04F79EFBC}") = "LastMan", "EVCS-Projekt\EVCS-Projekt\LastMan.csproj", "{95136B82-37AA-4964-AEAC-AC3CCFB958A2}"
EndProject
Project("{FAE04EC0-301F-11D3-BF4B-00C04F79EFBC}") = "LastManContent", "EVCS-Projekt\EVCS-ProjektContent\LastManContent.contentproj", "{BE098348-C34C-4AB1-8A1C-C209C3FD808C}"
EndProject
Global
	GlobalSection(TestCaseManagementSettings) = postSolution
		CategoryFile = EVCS-Projekt.vsmdi
	EndGlobalSection
	GlobalSection(SolutionConfigurationPlatforms) = preSolution
		Debug|Any CPU = Debug|Any CPU
		Debug|Mixed Platforms = Debug|Mixed Platforms
		Debug|x86 = Debug|x86
		Release|Any CPU = Release|Any CPU
		Release|Mixed Platforms = Release|Mixed Platforms
		Release|x86 = Release|x86
	EndGlobalSection
	GlobalSection(ProjectConfigurationPlatforms) = postSolution
		{95136B82-37AA-4964-AEAC-AC3CCFB958A2}.Debug|Any CPU.ActiveCfg = Debug|x86
		{95136B82-37AA-4964-AEAC-AC3CCFB958A2}.Debug|Mixed Platforms.ActiveCfg = Debug|x86
		{95136B82-37AA-4964-AEAC-AC3CCFB958A2}.Debug|Mixed Platforms.Build.0 = Debug|x86
		{95136B82-37AA-4964-AEAC-AC3CCFB958A2}.Debug|x86.ActiveCfg = Debug|x86
		{95136B82-37AA-4964-AEAC-AC3CCFB958A2}.Debug|x86.Build.0 = Debug|x86
		{95136B82-37AA-4964-AEAC-AC3CCFB958A2}.Release|Any CPU.ActiveCfg = Release|x86
		{95136B82-37AA-4964-AEAC-AC3CCFB958A2}.Release|Mixed Platforms.ActiveCfg = Release|x86
		{95136B82-37AA-4964-AEAC-AC3CCFB958A2}.Release|Mixed Platforms.Build.0 = Release|x86
		{95136B82-37AA-4964-AEAC-AC3CCFB958A2}.Release|x86.ActiveCfg = Release|x86
		{95136B82-37AA-4964-AEAC-AC3CCFB958A2}.Release|x86.Build.0 = Release|x86
		{BE098348-C34C-4AB1-8A1C-C209C3FD808C}.Debug|Any CPU.ActiveCfg = Debug|x86
		{BE098348-C34C-4AB1-8A1C-C209C3FD808C}.Debug|Mixed Platforms.ActiveCfg = Debug|x86
		{BE098348-C34C-4AB1-8A1C-C209C3FD808C}.Debug|x86.ActiveCfg = Debug|x86
		{BE098348-C34C-4AB1-8A1C-C209C3FD808C}.Release|Any CPU.ActiveCfg = Release|x86
		{BE098348-C34C-4AB1-8A1C-C209C3FD808C}.Release|Mixed Platforms.ActiveCfg = Release|x86
		{BE098348-C34C-4AB1-8A1C-C209C3FD808C}.Release|x86.ActiveCfg = Release|x86
	EndGlobalSection
	GlobalSection(SolutionProperties) = preSolution
		HideSolutionNode = FALSE
	EndGlobalSection
EndGlobal
